{
  "nodes": {
    "hasktorch": {
      "flake": false,
      "locked": {
        "lastModified": 1685751068,
        "narHash": "sha256-hsl29VjfSOeRUFrnU9wDI6BYPoSbB/UzVDe0fJEEpPY=",
        "owner": "hasktorch",
        "repo": "hasktorch",
        "rev": "7b63d730964a44a6bcdd853cd5b140a24e210298",
        "type": "github"
      },
      "original": {
        "owner": "hasktorch",
        "repo": "hasktorch",
        "type": "github"
      }
    },
    "inline-c": {
      "flake": false,
      "locked": {
        "lastModified": 1666685398,
        "narHash": "sha256-IXtwfTI9jzuHsOdvwNTTzeKjBnMZI9t1s8BBDu7QJEI=",
        "owner": "fpco",
        "repo": "inline-c",
        "rev": "2d0fe9b2f0aa0e1aefc7bfed95a501e59486afb0",
        "type": "github"
      },
      "original": {
        "owner": "fpco",
        "repo": "inline-c",
        "rev": "2d0fe9b2f0aa0e1aefc7bfed95a501e59486afb0",
        "type": "github"
      }
    },
    "nixpkgs": {
      "locked": {
        "lastModified": 1688117947,
        "narHash": "sha256-eSVbMmqsGwPlJy8jqzxwZ+cJzu8TpI2KSSKm8xVw+XQ=",
        "owner": "nixos",
        "repo": "nixpkgs",
        "rev": "2039c98a8afec8ff3273a3ac34b9e3864174ed94",
        "type": "github"
      },
      "original": {
        "owner": "nixos",
        "ref": "nixos-22.11",
        "repo": "nixpkgs",
        "type": "github"
      }
    },
    "root": {
      "inputs": {
        "hasktorch": "hasktorch",
        "inline-c": "inline-c",
        "nixpkgs": "nixpkgs",
        "tokenizers": "tokenizers",
        "type-errors-pretty": "type-errors-pretty",
        "typelevel-rewrite-rules": "typelevel-rewrite-rules"
      }
    },
    "tokenizers": {
      "flake": false,
      "locked": {
        "lastModified": 1621450526,
        "narHash": "sha256-U1wB3Oc7Ec09Y7eu2BMl8ktN8noGMR/782UbGdpM1Q4=",
        "owner": "hasktorch",
        "repo": "tokenizers",
        "rev": "9d25f0ba303193e97f8b22b9c93cbc84725886c3",
        "type": "github"
      },
      "original": {
        "owner": "hasktorch",
        "repo": "tokenizers",
        "rev": "9d25f0ba303193e97f8b22b9c93cbc84725886c3",
        "type": "github"
      }
    },
    "type-errors-pretty": {
      "flake": false,
      "locked": {
        "lastModified": 1652669569,
        "narHash": "sha256-5jXeeZ7LcRiIVgwZSrz+L/EGH7L9dH+5986td9QbvGk=",
        "owner": "hasktorch",
        "repo": "type-errors-pretty",
        "rev": "32d7abec6a21c42a5f960d7f4133d604e8be79ec",
        "type": "github"
      },
      "original": {
        "owner": "hasktorch",
        "repo": "type-errors-pretty",
        "rev": "32d7abec6a21c42a5f960d7f4133d604e8be79ec",
        "type": "github"
      }
    },
    "typelevel-rewrite-rules": {
      "flake": false,
      "locked": {
        "lastModified": 1666375619,
        "narHash": "sha256-gIRfju/Px+WjEw0FVfgMCjecs8kaUtum7lAwmD022lk=",
        "owner": "hasktorch",
        "repo": "typelevel-rewrite-rules",
        "rev": "4176e10d4de2d1310506c0fcf6a74956d81d59b6",
        "type": "github"
      },
      "original": {
        "owner": "hasktorch",
        "repo": "typelevel-rewrite-rules",
        "rev": "4176e10d4de2d1310506c0fcf6a74956d81d59b6",
        "type": "github"
      }
    }
  },
  "root": "root",
  "version": 7
}
